{
  "version": 4,
  "terraform_version": "0.14.9",
  "serial": 11,
  "lineage": "336f2963-a3cc-0865-5193-572a4a84eb3f",
  "outputs": {},
  "resources": [
    {
      "mode": "managed",
      "type": "azurerm_resource_group",
      "name": "lab",
      "provider": "provider[\"registry.terraform.io/hashicorp/azurerm\"]",
      "instances": [
        {
          "schema_version": 0,
          "attributes": {
            "id": "/subscriptions/d89f28c0-dc99-48a2-bd49-11b9b14d0437/resourceGroups/azure-lab-trusting-hermit-480045",
            "location": "westus2",
            "name": "azure-lab-trusting-hermit-480045",
            "tags": {
              "Name": "azure-lab-trusting-hermit-480045",
              "Terraform": "true"
            },
            "timeouts": null
          },
          "sensitive_attributes": [],
          "private": "eyJlMmJmYjczMC1lY2FhLTExZTYtOGY4OC0zNDM2M2JjN2M0YzAiOnsiY3JlYXRlIjo1NDAwMDAwMDAwMDAwLCJkZWxldGUiOjU0MDAwMDAwMDAwMDAsInJlYWQiOjMwMDAwMDAwMDAwMCwidXBkYXRlIjo1NDAwMDAwMDAwMDAwfX0=",
          "dependencies": [
            "random_integer.lab",
            "random_pet.lab"
          ]
        }
      ]
    },
    {
      "mode": "managed",
      "type": "azurerm_storage_account",
      "name": "lab",
      "provider": "provider[\"registry.terraform.io/hashicorp/azurerm\"]",
      "instances": [
        {
          "schema_version": 2,
          "attributes": {
            "access_tier": "Hot",
            "account_kind": "StorageV2",
            "account_replication_type": "LRS",
            "account_tier": "Standard",
            "allow_blob_public_access": false,
            "blob_properties": [],
            "custom_domain": [],
            "enable_https_traffic_only": true,
            "id": "/subscriptions/d89f28c0-dc99-48a2-bd49-11b9b14d0437/resourceGroups/azure-lab-trusting-hermit-480045/providers/Microsoft.Storage/storageAccounts/analysis480045",
            "identity": [],
            "is_hns_enabled": false,
            "large_file_share_enabled": null,
            "location": "westus2",
            "min_tls_version": "TLS1_0",
            "name": "analysis480045",
            "network_rules": [
              {
                "bypass": [
                  "AzureServices"
                ],
                "default_action": "Allow",
                "ip_rules": [],
                "virtual_network_subnet_ids": []
              }
            ],
            "primary_access_key": "QtXPN9+Pi+BAj7kukWYpccCt31zDvbm1iUVjxmKzAwTKx7UNGeUJmCfrp0HrUX7GPPuCRxocs2wKPB+fp6/uow==",
            "primary_blob_connection_string": "DefaultEndpointsProtocol=https;BlobEndpoint=https://analysis480045.blob.core.windows.net/;AccountName=analysis480045;AccountKey=QtXPN9+Pi+BAj7kukWYpccCt31zDvbm1iUVjxmKzAwTKx7UNGeUJmCfrp0HrUX7GPPuCRxocs2wKPB+fp6/uow==",
            "primary_blob_endpoint": "https://analysis480045.blob.core.windows.net/",
            "primary_blob_host": "analysis480045.blob.core.windows.net",
            "primary_connection_string": "DefaultEndpointsProtocol=https;AccountName=analysis480045;AccountKey=QtXPN9+Pi+BAj7kukWYpccCt31zDvbm1iUVjxmKzAwTKx7UNGeUJmCfrp0HrUX7GPPuCRxocs2wKPB+fp6/uow==;EndpointSuffix=core.windows.net",
            "primary_dfs_endpoint": "https://analysis480045.dfs.core.windows.net/",
            "primary_dfs_host": "analysis480045.dfs.core.windows.net",
            "primary_file_endpoint": "https://analysis480045.file.core.windows.net/",
            "primary_file_host": "analysis480045.file.core.windows.net",
            "primary_location": "westus2",
            "primary_queue_endpoint": "https://analysis480045.queue.core.windows.net/",
            "primary_queue_host": "analysis480045.queue.core.windows.net",
            "primary_table_endpoint": "https://analysis480045.table.core.windows.net/",
            "primary_table_host": "analysis480045.table.core.windows.net",
            "primary_web_endpoint": "https://analysis480045.z5.web.core.windows.net/",
            "primary_web_host": "analysis480045.z5.web.core.windows.net",
            "queue_properties": [
              {
                "cors_rule": [],
                "hour_metrics": [
                  {
                    "enabled": true,
                    "include_apis": true,
                    "retention_policy_days": 7,
                    "version": "1.0"
                  }
                ],
                "logging": [
                  {
                    "delete": false,
                    "read": false,
                    "retention_policy_days": 0,
                    "version": "1.0",
                    "write": false
                  }
                ],
                "minute_metrics": [
                  {
                    "enabled": false,
                    "include_apis": false,
                    "retention_policy_days": 0,
                    "version": "1.0"
                  }
                ]
              }
            ],
            "resource_group_name": "azure-lab-trusting-hermit-480045",
            "secondary_access_key": "EOcwmH0pEgxt0oktjk7gvQzF7tEmSTVzTRKp9R/75Acyk9hkVbMffUg0ooe3Ylkm9uGILxaFmh8OH4Wo79p6cw==",
            "secondary_blob_connection_string": "",
            "secondary_blob_endpoint": null,
            "secondary_blob_host": null,
            "secondary_connection_string": "DefaultEndpointsProtocol=https;AccountName=analysis480045;AccountKey=EOcwmH0pEgxt0oktjk7gvQzF7tEmSTVzTRKp9R/75Acyk9hkVbMffUg0ooe3Ylkm9uGILxaFmh8OH4Wo79p6cw==;EndpointSuffix=core.windows.net",
            "secondary_dfs_endpoint": null,
            "secondary_dfs_host": null,
            "secondary_file_endpoint": null,
            "secondary_file_host": null,
            "secondary_location": "",
            "secondary_queue_endpoint": null,
            "secondary_queue_host": null,
            "secondary_table_endpoint": null,
            "secondary_table_host": null,
            "secondary_web_endpoint": null,
            "secondary_web_host": null,
            "static_website": [],
            "tags": {
              "Name": "azure-lab-trusting-hermit-480045",
              "Terraform": "true"
            },
            "timeouts": null
          },
          "sensitive_attributes": [],
          "private": "eyJlMmJmYjczMC1lY2FhLTExZTYtOGY4OC0zNDM2M2JjN2M0YzAiOnsiY3JlYXRlIjozNjAwMDAwMDAwMDAwLCJkZWxldGUiOjM2MDAwMDAwMDAwMDAsInJlYWQiOjMwMDAwMDAwMDAwMCwidXBkYXRlIjozNjAwMDAwMDAwMDAwfSwic2NoZW1hX3ZlcnNpb24iOiIyIn0=",
          "dependencies": [
            "azurerm_resource_group.lab",
            "random_integer.lab",
            "random_pet.lab"
          ]
        }
      ]
    },
    {
      "mode": "managed",
      "type": "azurerm_storage_container",
      "name": "lab",
      "provider": "provider[\"registry.terraform.io/hashicorp/azurerm\"]",
      "instances": [
        {
          "schema_version": 1,
          "attributes": {
            "container_access_type": "private",
            "has_immutability_policy": false,
            "has_legal_hold": false,
            "id": "https://analysis480045.blob.core.windows.net/analysis",
            "metadata": {},
            "name": "analysis",
            "resource_manager_id": "/subscriptions/d89f28c0-dc99-48a2-bd49-11b9b14d0437/resourceGroups/azure-lab-trusting-hermit-480045/providers/Microsoft.Storage/storageAccounts/analysis480045/blobServices/default/containers/analysis",
            "storage_account_name": "analysis480045",
            "timeouts": null
          },
          "sensitive_attributes": [],
          "private": "eyJlMmJmYjczMC1lY2FhLTExZTYtOGY4OC0zNDM2M2JjN2M0YzAiOnsiY3JlYXRlIjoxODAwMDAwMDAwMDAwLCJkZWxldGUiOjE4MDAwMDAwMDAwMDAsInJlYWQiOjMwMDAwMDAwMDAwMCwidXBkYXRlIjoxODAwMDAwMDAwMDAwfSwic2NoZW1hX3ZlcnNpb24iOiIxIn0=",
          "dependencies": [
            "azurerm_resource_group.lab",
            "azurerm_storage_account.lab",
            "random_integer.lab",
            "random_pet.lab"
          ]
        }
      ]
    },
    {
      "mode": "managed",
      "type": "random_integer",
      "name": "lab",
      "provider": "provider[\"registry.terraform.io/hashicorp/random\"]",
      "instances": [
        {
          "schema_version": 0,
          "attributes": {
            "id": "480045",
            "keepers": null,
            "max": 650000,
            "min": 150000,
            "result": 480045,
            "seed": null
          },
          "sensitive_attributes": [],
          "private": "bnVsbA=="
        }
      ]
    },
    {
      "mode": "managed",
      "type": "random_pet",
      "name": "lab",
      "provider": "provider[\"registry.terraform.io/hashicorp/random\"]",
      "instances": [
        {
          "schema_version": 0,
          "attributes": {
            "id": "trusting-hermit",
            "keepers": null,
            "length": 2,
            "prefix": null,
            "separator": "-"
          },
          "sensitive_attributes": [],
          "private": "bnVsbA=="
        }
      ]
    }
  ]
}
